dependencies:
  espressif/esp_ot_cli_extension:
    component_hash: 3420518e85bfadb957f5f70e7773a7ae5bd04d8cc8b35bc16081902cfdd77ac6
    source:
      service_url: https://api.components.espressif.com/
      type: service
    version: 1.0.2
  espressif/iperf:
    component_hash: 7702d184ac1d1708739b000ad0722891563e8a940622c47a1a58c91f62b02838
    source:
      service_url: https://api.components.espressif.com/
      type: service
    version: 0.1.1
  idf:
    component_hash: null
    source:
      type: idf
    version: 5.4.0
manifest_hash: b1e0cd0cddd1da5181bc7f32050dead8de65870a9f382f374abf1ba6d4b2768f
target: esp32h2
version: 1.0.0
