dependencies:
  espressif/esp_ot_cli_extension:
    component_hash: 3420518e85bfadb957f5f70e7773a7ae5bd04d8cc8b35bc16081902cfdd77ac6
    source:
      service_url: https://api.components.espressif.com/
      type: service
    version: 1.0.2
  espressif/iperf:
    component_hash: 7702d184ac1d1708739b000ad0722891563e8a940622c47a1a58c91f62b02838
    source:
      service_url: https://api.components.espressif.com/
      type: service
    version: 0.1.1
  idf:
    component_hash: null
    source:
      type: idf
    version: 5.4.0
  ot_led:
    component_hash: null
    source:
      path: /home/simeon/esp/esp-idf/examples/openthread/ot_common_components/ot_led
      type: local
    version: '*'
manifest_hash: 741242916235aa55417cf3acd575cd459bbf5f424eb510e975dad6964800a5ab
target: esp32h2
version: 1.0.0
